
Microsoft Visual Studio Solution File, Format Version 12.00
# Visual Studio Version 17
VisualStudioVersion = 17.11.35312.102
MinimumVisualStudioVersion = 10.0.40219.1
Project("{FAE04EC0-301F-11D3-BF4B-00C04F79EFBC}") = "Api_weather", "Api_weather.csproj", "{7D96A867-4733-4A9F-AAD6-740E33A042E0}"
EndProject
Global
	GlobalSection(SolutionConfigurationPlatforms) = preSolution
		Debug|Any CPU = Debug|Any CPU
		Release|Any CPU = Release|Any CPU
	EndGlobalSection
	GlobalSection(ProjectConfigurationPlatforms) = postSolution
		{7D96A867-4733-4A9F-AAD6-740E33A042E0}.Debug|Any CPU.ActiveCfg = Debug|Any CPU
		{7D96A867-4733-4A9F-AAD6-740E33A042E0}.Debug|Any CPU.Build.0 = Debug|Any CPU
		{7D96A867-4733-4A9F-AAD6-740E33A042E0}.Release|Any CPU.ActiveCfg = Release|Any CPU
		{7D96A867-4733-4A9F-AAD6-740E33A042E0}.Release|Any CPU.Build.0 = Release|Any CPU
	EndGlobalSection
	GlobalSection(SolutionProperties) = preSolution
		HideSolutionNode = FALSE
	EndGlobalSection
	GlobalSection(ExtensibilityGlobals) = postSolution
		SolutionGuid = {6B02DD19-614A-486A-8515-FA623F1D1FEB}
	EndGlobalSection
EndGlobal
